PODS:
  - Alamofire (4.8.1)
  - Kingfisher (4.10.1)

DEPENDENCIES:
  - Alamofire
  - Kingfisher

SPEC REPOS:
  https://github.com/cocoapods/specs.git:
    - Alamofire
    - Kingfisher

SPEC CHECKSUMS:
  Alamofire: 16ce2c353fb72865124ddae8a57c5942388f4f11
  Kingfisher: c148cd7b47ebde9989f6bc7c27dcaa79d81279a0

PODFILE CHECKSUM: b6319d34712e61de368091d71ac4043c91d5e3fd

COCOAPODS: 1.5.3
